
Microsoft Visual Studio Solution File, Format Version 12.00
# Visual Studio Version 17
VisualStudioVersion = 17.3.32929.385
MinimumVisualStudioVersion = 10.0.40219.1
Project("{FAE04EC0-301F-11D3-BF4B-00C04F79EFBC}") = "Test", "Test\Test.csproj", "{C280CABA-0739-4041-B663-6778D9EBF9FF}"
EndProject
Global
	GlobalSection(SolutionConfigurationPlatforms) = preSolution
		Debug|Any CPU = Debug|Any CPU
		Release|Any CPU = Release|Any CPU
	EndGlobalSection
	GlobalSection(ProjectConfigurationPlatforms) = postSolution
		{C280CABA-0739-4041-B663-6778D9EBF9FF}.Debug|Any CPU.ActiveCfg = Debug|Any CPU
		{C280CABA-0739-4041-B663-6778D9EBF9FF}.Debug|Any CPU.Build.0 = Debug|Any CPU
		{C280CABA-0739-4041-B663-6778D9EBF9FF}.Release|Any CPU.ActiveCfg = Release|Any CPU
		{C280CABA-0739-4041-B663-6778D9EBF9FF}.Release|Any CPU.Build.0 = Release|Any CPU
	EndGlobalSection
	GlobalSection(SolutionProperties) = preSolution
		HideSolutionNode = FALSE
	EndGlobalSection
	GlobalSection(ExtensibilityGlobals) = postSolution
		SolutionGuid = {AE578DF3-43F1-47C8-BF58-FC15CD99CE8B}
	EndGlobalSection
EndGlobal
